// !$*UTF8*$!
{
	archiveVersion = 1;
	classes = {
	};
	objectVersion = 51;
	objects = {

/* Begin PBXBuildFile section */
		4B030E752B27738800ED9018 /* AboutWindowController.storyboard in Resources */ = {isa = PBXBuildFile; fileRef = 4B030E742B27738800ED9018 /* AboutWindowController.storyboard */; };
		4B030E772B277DD600ED9018 /* AboutWindowController.swift in Sources */ = {isa = PBXBuildFile; fileRef = 4B030E762B277DD600ED9018 /* AboutWindowController.swift */; };
		4B030E792B277E6500ED9018 /* AboutViewController.swift in Sources */ = {isa = PBXBuildFile; fileRef = 4B030E782B277E6500ED9018 /* AboutViewController.swift */; };
		4B030E7B2B2D003A00ED9018 /* AppLinks.swift in Sources */ = {isa = PBXBuildFile; fileRef = 4B030E7A2B2D003A00ED9018 /* AppLinks.swift */; };
		4B030E7D2B2DB42200ED9018 /* CHANGELOG.md in Resources */ = {isa = PBXBuildFile; fileRef = 4B030E7C2B2DB42200ED9018 /* CHANGELOG.md */; };
		4B0A49F329F631CD00CAE8A0 /* AppGlobals.swift in Sources */ = {isa = PBXBuildFile; fileRef = 4B0A49F229F631CD00CAE8A0 /* AppGlobals.swift */; };
		4B1073952B4607CE008A692D /* MeteoFactsRepresenter.swift in Sources */ = {isa = PBXBuildFile; fileRef = 4B1073942B4607CE008A692D /* MeteoFactsRepresenter.swift */; };
		4B1483E52912892C0013B76E /* AppDelegate.swift in Sources */ = {isa = PBXBuildFile; fileRef = 4B1483E42912892C0013B76E /* AppDelegate.swift */; };
		4B1483E92912892F0013B76E /* Assets.xcassets in Resources */ = {isa = PBXBuildFile; fileRef = 4B1483E82912892F0013B76E /* Assets.xcassets */; };
		4B1483F82912892F0013B76E /* BundleTests.swift in Sources */ = {isa = PBXBuildFile; fileRef = 4B1483F72912892F0013B76E /* BundleTests.swift */; };
		4B1CA6A32B549358003F3EBF /* MeteoClientManager.swift in Sources */ = {isa = PBXBuildFile; fileRef = 4B1CA6A22B549358003F3EBF /* MeteoClientManager.swift */; };
		4B26A2EF2B0B584E00FCEA9B /* OptionsConnectionsTests.swift in Sources */ = {isa = PBXBuildFile; fileRef = 4B26A2EE2B0B584E00FCEA9B /* OptionsConnectionsTests.swift */; };
		4B3384682B547609004682DF /* JsonDataPrettyPrintedGift.swift in Sources */ = {isa = PBXBuildFile; fileRef = 4B3384672B547609004682DF /* JsonDataPrettyPrintedGift.swift */; };
		4B4B3194293F4B660001262E /* PerseusUISystemKitSingle.swift in Sources */ = {isa = PBXBuildFile; fileRef = 4B4B3193293F4B660001262E /* PerseusUISystemKitSingle.swift */; };
		4B52C536292CD05C00C7792A /* DarkModeSwitching.swift in Sources */ = {isa = PBXBuildFile; fileRef = 4B52C535292CD05C00C7792A /* DarkModeSwitching.swift */; };
		4B5921A92B5C0E4800D312B9 /* LocalizedExpectationGift.swift in Sources */ = {isa = PBXBuildFile; fileRef = 4B5921A82B5C0E4800D312B9 /* LocalizedExpectationGift.swift */; };
		4B5921AC2B5C21AC00D312B9 /* PopoverConnectionsTests.swift in Sources */ = {isa = PBXBuildFile; fileRef = 4B5921AB2B5C21AC00D312B9 /* PopoverConnectionsTests.swift */; };
		4B5921AF2B5C22A700D312B9 /* PopoverLocalizationTests.swift in Sources */ = {isa = PBXBuildFile; fileRef = 4B5921AE2B5C22A700D312B9 /* PopoverLocalizationTests.swift */; };
		4B5921B32B5C339800D312B9 /* PopoverAppearanceTests.swift in Sources */ = {isa = PBXBuildFile; fileRef = 4B5921B22B5C339800D312B9 /* PopoverAppearanceTests.swift */; };
		4B5921B62B5C378100D312B9 /* AboutConnectionsTests.swift in Sources */ = {isa = PBXBuildFile; fileRef = 4B5921B52B5C378100D312B9 /* AboutConnectionsTests.swift */; };
		4B5921B82B5C379200D312B9 /* AboutLocalizationTests.swift in Sources */ = {isa = PBXBuildFile; fileRef = 4B5921B72B5C379200D312B9 /* AboutLocalizationTests.swift */; };
		4B5921BA2B5C37A300D312B9 /* AboutAppearanceTests.swift in Sources */ = {isa = PBXBuildFile; fileRef = 4B5921B92B5C37A300D312B9 /* AboutAppearanceTests.swift */; };
		4B5921BC2B5C38F000D312B9 /* OptionsAppearanceTests.swift in Sources */ = {isa = PBXBuildFile; fileRef = 4B5921BB2B5C38F000D312B9 /* OptionsAppearanceTests.swift */; };
		4B5921C12B5CCC4900D312B9 /* TranslationTests.swift in Sources */ = {isa = PBXBuildFile; fileRef = 4B5921C02B5CCC4900D312B9 /* TranslationTests.swift */; };
		4B5F7D2F2B89243800121946 /* MeteoFactsDefaults.swift in Sources */ = {isa = PBXBuildFile; fileRef = 4B5F7D2E2B89243800121946 /* MeteoFactsDefaults.swift */; };
		4B5F7D352B96394600121946 /* ForecastDataSourceReader.swift in Sources */ = {isa = PBXBuildFile; fileRef = 4B5F7D342B96394600121946 /* ForecastDataSourceReader.swift */; };
		4B5F7D372B985C5D00121946 /* MeteoDataSource.swift in Sources */ = {isa = PBXBuildFile; fileRef = 4B5F7D362B985C5D00121946 /* MeteoDataSource.swift */; };
		4B5F7D392B98CA3900121946 /* CurrentDataSource.swift in Sources */ = {isa = PBXBuildFile; fileRef = 4B5F7D382B98CA3900121946 /* CurrentDataSource.swift */; };
		4B5F7D3B2B98EACA00121946 /* MeteoCategory.swift in Sources */ = {isa = PBXBuildFile; fileRef = 4B5F7D3A2B98EACA00121946 /* MeteoCategory.swift */; };
		4B5F7D3D2B9906F300121946 /* CurrentDataSourceReader.swift in Sources */ = {isa = PBXBuildFile; fileRef = 4B5F7D3C2B9906F300121946 /* CurrentDataSourceReader.swift */; };
		4B5F7D3F2B99099F00121946 /* OpenWeatherCurrentParser.swift in Sources */ = {isa = PBXBuildFile; fileRef = 4B5F7D3E2B99099F00121946 /* OpenWeatherCurrentParser.swift */; };
		4B5F7D412B9AD05900121946 /* MeteoDataSourceReader.swift in Sources */ = {isa = PBXBuildFile; fileRef = 4B5F7D402B9AD05900121946 /* MeteoDataSourceReader.swift */; };
		4B5F7D442BB6984D00121946 /* MeteoGroupView.swift in Sources */ = {isa = PBXBuildFile; fileRef = 4B5F7D432BB6984D00121946 /* MeteoGroupView.swift */; };
		4B5F7D462BB6986B00121946 /* MeteoGroupView.xib in Resources */ = {isa = PBXBuildFile; fileRef = 4B5F7D452BB6986B00121946 /* MeteoGroupView.xib */; };
		4B5F7D482BBBDAE800121946 /* MeteoGroupData.swift in Sources */ = {isa = PBXBuildFile; fileRef = 4B5F7D472BBBDAE800121946 /* MeteoGroupData.swift */; };
		4B62FA7629DC1A6400DF6B85 /* PerseusLogger.swift in Sources */ = {isa = PBXBuildFile; fileRef = 4B62FA7529DC1A6400DF6B85 /* PerseusLogger.swift */; };
		4B684C712B446A560063E359 /* JsonDataDictionaryGift.swift in Sources */ = {isa = PBXBuildFile; fileRef = 4B684C702B446A560063E359 /* JsonDataDictionaryGift.swift */; };
		4B6F98622927D95500ADB03A /* .swiftlint.yml in Resources */ = {isa = PBXBuildFile; fileRef = 4B6F98612927D95500ADB03A /* .swiftlint.yml */; };
		4B6F98662927DF1400ADB03A /* InfoPlist.strings in Resources */ = {isa = PBXBuildFile; fileRef = 4B6F98682927DF1400ADB03A /* InfoPlist.strings */; };
		4B6F986C2927E0F000ADB03A /* Translation_en.plist in Resources */ = {isa = PBXBuildFile; fileRef = 4B6F986B2927E0F000ADB03A /* Translation_en.plist */; };
		4B6F986E2927E11700ADB03A /* Translation_ru.plist in Resources */ = {isa = PBXBuildFile; fileRef = 4B6F986D2927E11700ADB03A /* Translation_ru.plist */; };
		4B6F98712927E4FC00ADB03A /* Localizable.strings in Resources */ = {isa = PBXBuildFile; fileRef = 4B6F98732927E4FC00ADB03A /* Localizable.strings */; };
		4B6F987A2927EF0E00ADB03A /* LocalizedInfoPlistGift.swift in Sources */ = {isa = PBXBuildFile; fileRef = 4B6F98792927EF0E00ADB03A /* LocalizedInfoPlistGift.swift */; };
		4B6F987C2927F08D00ADB03A /* OptionsLocalizationTests.swift in Sources */ = {isa = PBXBuildFile; fileRef = 4B6F987B2927F08D00ADB03A /* OptionsLocalizationTests.swift */; };
		4B6F987E2928259E00ADB03A /* REQUIREMENTS.md in Resources */ = {isa = PBXBuildFile; fileRef = 4B6F987D2928259E00ADB03A /* REQUIREMENTS.md */; };
		4B7690D42B4CA82A007F09D9 /* PerseusTimeFormat.swift in Sources */ = {isa = PBXBuildFile; fileRef = 4B7690D32B4CA82A007F09D9 /* PerseusTimeFormat.swift */; };
		4B76913C2B5011DD007F09D9 /* PerseusCompassDirection.swift in Sources */ = {isa = PBXBuildFile; fileRef = 4B76913B2B5011DD007F09D9 /* PerseusCompassDirection.swift */; };
		4B76913E2B50123E007F09D9 /* CompassDirectionTests.swift in Sources */ = {isa = PBXBuildFile; fileRef = 4B76913D2B50123E007F09D9 /* CompassDirectionTests.swift */; };
		4B8426332B0F8E0D00C86E8A /* LanguageSwitcher.swift in Sources */ = {isa = PBXBuildFile; fileRef = 4B8426322B0F8E0D00C86E8A /* LanguageSwitcher.swift */; };
		4B8426362B13523600C86E8A /* PerseusDataDefender.swift in Sources */ = {isa = PBXBuildFile; fileRef = 4B8426352B13523600C86E8A /* PerseusDataDefender.swift */; };
		4B8426392B18810900C86E8A /* PerseusDefenderModels.swift in Sources */ = {isa = PBXBuildFile; fileRef = 4B8426382B18810900C86E8A /* PerseusDefenderModels.swift */; };
		4B84263C2B19CE2600C86E8A /* OpenWeatherStarModels.swift in Sources */ = {isa = PBXBuildFile; fileRef = 4B84263B2B19CE2600C86E8A /* OpenWeatherStarModels.swift */; };
		4B8426402B19D11B00C86E8A /* LanguageSwitcherModels.swift in Sources */ = {isa = PBXBuildFile; fileRef = 4B84263F2B19D11B00C86E8A /* LanguageSwitcherModels.swift */; };
		4B993DB82B3738A7008C1FE7 /* PopoverViewController.swift in Sources */ = {isa = PBXBuildFile; fileRef = 4B993DB72B3738A7008C1FE7 /* PopoverViewController.swift */; };
		4B993DBA2B3738CF008C1FE7 /* PopoverViewController.storyboard in Resources */ = {isa = PBXBuildFile; fileRef = 4B993DB92B3738CF008C1FE7 /* PopoverViewController.storyboard */; };
		4B993DC52B380EF9008C1FE7 /* LocationView.swift in Sources */ = {isa = PBXBuildFile; fileRef = 4B993DC42B380EF9008C1FE7 /* LocationView.swift */; };
		4B993DC92B380FDD008C1FE7 /* WeatherView.swift in Sources */ = {isa = PBXBuildFile; fileRef = 4B993DC82B380FDD008C1FE7 /* WeatherView.swift */; };
		4B993DCB2B38170E008C1FE7 /* LocationView.xib in Resources */ = {isa = PBXBuildFile; fileRef = 4B993DCA2B38170E008C1FE7 /* LocationView.xib */; };
		4B993DCD2B383AA2008C1FE7 /* WeatherView.xib in Resources */ = {isa = PBXBuildFile; fileRef = 4B993DCC2B383AA2008C1FE7 /* WeatherView.xib */; };
		4BA719872AF0D5E10074F7CD /* StatusMenusButtonPresenter.swift in Sources */ = {isa = PBXBuildFile; fileRef = 4BA719862AF0D5E10074F7CD /* StatusMenusButtonPresenter.swift */; };
		4BB2045B2B7029FC007E0308 /* ForecastDataSource.swift in Sources */ = {isa = PBXBuildFile; fileRef = 4BB2045A2B7029FC007E0308 /* ForecastDataSource.swift */; };
		4BB2045D2B70EE3A007E0308 /* Protocols.swift in Sources */ = {isa = PBXBuildFile; fileRef = 4BB2045C2B70EE3A007E0308 /* Protocols.swift */; };
		4BB2045F2B70EE69007E0308 /* MeteoProvider.swift in Sources */ = {isa = PBXBuildFile; fileRef = 4BB2045E2B70EE69007E0308 /* MeteoProvider.swift */; };
		4BB204632B70F2FE007E0308 /* OpenWeatherForecastParser.swift in Sources */ = {isa = PBXBuildFile; fileRef = 4BB204622B70F2FE007E0308 /* OpenWeatherForecastParser.swift */; };
		4BB2046A2B753A47007E0308 /* ForecastDaysViewItem.swift in Sources */ = {isa = PBXBuildFile; fileRef = 4BB204692B753A47007E0308 /* ForecastDaysViewItem.swift */; };
		4BB2046C2B753CC7007E0308 /* ForecastDaysViewItem.xib in Resources */ = {isa = PBXBuildFile; fileRef = 4BB2046B2B753CC7007E0308 /* ForecastDaysViewItem.xib */; };
		4BB2046E2B755BDB007E0308 /* ForecastDay.swift in Sources */ = {isa = PBXBuildFile; fileRef = 4BB2046D2B755BDB007E0308 /* ForecastDay.swift */; };
		4BB204742B7805DF007E0308 /* ForecastHour.swift in Sources */ = {isa = PBXBuildFile; fileRef = 4BB204732B7805DF007E0308 /* ForecastHour.swift */; };
		4BB2047A2B79368A007E0308 /* ForecastHoursViewItem.xib in Resources */ = {isa = PBXBuildFile; fileRef = 4BB204792B79368A007E0308 /* ForecastHoursViewItem.xib */; };
		4BB2047C2B7936CB007E0308 /* ForecastHoursViewItem.swift in Sources */ = {isa = PBXBuildFile; fileRef = 4BB2047B2B7936CB007E0308 /* ForecastHoursViewItem.swift */; };
		4BB957432B568EDB005EB98E /* PerseusLogger.swift in Sources */ = {isa = PBXBuildFile; fileRef = 4BB957422B568EDB005EB98E /* PerseusLogger.swift */; };
		4BBE90652912911D008F734D /* TestingAppDelegate.swift in Sources */ = {isa = PBXBuildFile; fileRef = 4BBE90642912911D008F734D /* TestingAppDelegate.swift */; };
		4BBE90672912931A008F734D /* main.swift in Sources */ = {isa = PBXBuildFile; fileRef = 4BBE90662912931A008F734D /* main.swift */; };
		4BBE9069291293E8008F734D /* .gitignore in Resources */ = {isa = PBXBuildFile; fileRef = 4BBE9068291293E7008F734D /* .gitignore */; };
		4BBE906B291293F0008F734D /* LICENSE in Resources */ = {isa = PBXBuildFile; fileRef = 4BBE906A291293F0008F734D /* LICENSE */; };
		4BBE906D291293F6008F734D /* README.md in Resources */ = {isa = PBXBuildFile; fileRef = 4BBE906C291293F6008F734D /* README.md */; };
		4BBE907129137B5E008F734D /* main.yml in Resources */ = {isa = PBXBuildFile; fileRef = 4BBE907029137B5D008F734D /* main.yml */; };
		4BC2F2C929EE64E200386671 /* PerseusGeoLocationSingle.swift in Sources */ = {isa = PBXBuildFile; fileRef = 4BC2F2C829EE64E200386671 /* PerseusGeoLocationSingle.swift */; };
		4BDEF1CB2A10D521001FFE9B /* OpenWeatherStar.swift in Sources */ = {isa = PBXBuildFile; fileRef = 4BDEF1CA2A10D521001FFE9B /* OpenWeatherStar.swift */; };
		4BE29E902B3A23120027515A /* ForecastView.xib in Resources */ = {isa = PBXBuildFile; fileRef = 4BE29E8F2B3A23120027515A /* ForecastView.xib */; };
		4BE29E922B3A23340027515A /* ForecastView.swift in Sources */ = {isa = PBXBuildFile; fileRef = 4BE29E912B3A23340027515A /* ForecastView.swift */; };
		4BEAB2E52B66D1C100AEACF5 /* CurrentSystemLanguageGift.swift in Sources */ = {isa = PBXBuildFile; fileRef = 4BEAB2E42B66D1C100AEACF5 /* CurrentSystemLanguageGift.swift */; };
		4BEAB2E72B6711EF00AEACF5 /* AppApperance.swift in Sources */ = {isa = PBXBuildFile; fileRef = 4BEAB2E62B6711EF00AEACF5 /* AppApperance.swift */; };
		4BEE281D2B4AE07700F06A69 /* AppOptions.swift in Sources */ = {isa = PBXBuildFile; fileRef = 4BEE281C2B4AE07700F06A69 /* AppOptions.swift */; };
		4BFA5FDA2989A12800AC09F5 /* OptionsWindowController.storyboard in Resources */ = {isa = PBXBuildFile; fileRef = 4BFA5FD92989A12800AC09F5 /* OptionsWindowController.storyboard */; };
		4BFA5FDC2989A16400AC09F5 /* OptionsWindowController.swift in Sources */ = {isa = PBXBuildFile; fileRef = 4BFA5FDB2989A16400AC09F5 /* OptionsWindowController.swift */; };
		4BFA5FDE2989A1F000AC09F5 /* OptionsViewController.swift in Sources */ = {isa = PBXBuildFile; fileRef = 4BFA5FDD2989A1F000AC09F5 /* OptionsViewController.swift */; };
/* End PBXBuildFile section */

/* Begin PBXContainerItemProxy section */
		4B7690FB2B4EFD5B007F09D9 /* PBXContainerItemProxy */ = {
			isa = PBXContainerItemProxy;
			containerPortal = 4B1483D92912892C0013B76E /* Project object */;
			proxyType = 1;
			remoteGlobalIDString = 4B1483E02912892C0013B76E;
			remoteInfo = PerseusWeather;
		};
/* End PBXContainerItemProxy section */

/* Begin PBXFileReference section */
		4B030E742B27738800ED9018 /* AboutWindowController.storyboard */ = {isa = PBXFileReference; lastKnownFileType = file.storyboard; path = AboutWindowController.storyboard; sourceTree = "<group>"; };
		4B030E762B277DD600ED9018 /* AboutWindowController.swift */ = {isa = PBXFileReference; lastKnownFileType = sourcecode.swift; path = AboutWindowController.swift; sourceTree = "<group>"; };
		4B030E782B277E6500ED9018 /* AboutViewController.swift */ = {isa = PBXFileReference; lastKnownFileType = sourcecode.swift; path = AboutViewController.swift; sourceTree = "<group>"; };
		4B030E7A2B2D003A00ED9018 /* AppLinks.swift */ = {isa = PBXFileReference; lastKnownFileType = sourcecode.swift; path = AppLinks.swift; sourceTree = "<group>"; };
		4B030E7C2B2DB42200ED9018 /* CHANGELOG.md */ = {isa = PBXFileReference; lastKnownFileType = net.daringfireball.markdown; path = CHANGELOG.md; sourceTree = "<group>"; };
		4B0A49F229F631CD00CAE8A0 /* AppGlobals.swift */ = {isa = PBXFileReference; lastKnownFileType = sourcecode.swift; path = AppGlobals.swift; sourceTree = "<group>"; };
		4B1073942B4607CE008A692D /* MeteoFactsRepresenter.swift */ = {isa = PBXFileReference; lastKnownFileType = sourcecode.swift; path = MeteoFactsRepresenter.swift; sourceTree = "<group>"; };
		4B1483E12912892C0013B76E /* Snowman.app */ = {isa = PBXFileReference; explicitFileType = wrapper.application; includeInIndex = 0; path = Snowman.app; sourceTree = BUILT_PRODUCTS_DIR; };
		4B1483E42912892C0013B76E /* AppDelegate.swift */ = {isa = PBXFileReference; lastKnownFileType = sourcecode.swift; path = AppDelegate.swift; sourceTree = "<group>"; };
		4B1483E82912892F0013B76E /* Assets.xcassets */ = {isa = PBXFileReference; lastKnownFileType = folder.assetcatalog; path = Assets.xcassets; sourceTree = "<group>"; };
		4B1483ED2912892F0013B76E /* Info.plist */ = {isa = PBXFileReference; lastKnownFileType = text.plist.xml; path = Info.plist; sourceTree = "<group>"; };
		4B1483EE2912892F0013B76E /* PerseusMeteo.entitlements */ = {isa = PBXFileReference; lastKnownFileType = text.plist.entitlements; path = PerseusMeteo.entitlements; sourceTree = "<group>"; };
		4B1483F32912892F0013B76E /* SnowmanTests.xctest */ = {isa = PBXFileReference; explicitFileType = wrapper.cfbundle; includeInIndex = 0; path = SnowmanTests.xctest; sourceTree = BUILT_PRODUCTS_DIR; };
		4B1483F72912892F0013B76E /* BundleTests.swift */ = {isa = PBXFileReference; lastKnownFileType = sourcecode.swift; path = BundleTests.swift; sourceTree = "<group>"; };
		4B1483F92912892F0013B76E /* Info.plist */ = {isa = PBXFileReference; lastKnownFileType = text.plist.xml; path = Info.plist; sourceTree = "<group>"; };
		4B1CA6A22B549358003F3EBF /* MeteoClientManager.swift */ = {isa = PBXFileReference; lastKnownFileType = sourcecode.swift; path = MeteoClientManager.swift; sourceTree = "<group>"; };
		4B26A2EE2B0B584E00FCEA9B /* OptionsConnectionsTests.swift */ = {isa = PBXFileReference; lastKnownFileType = sourcecode.swift; path = OptionsConnectionsTests.swift; sourceTree = "<group>"; };
		4B3384672B547609004682DF /* JsonDataPrettyPrintedGift.swift */ = {isa = PBXFileReference; lastKnownFileType = sourcecode.swift; path = JsonDataPrettyPrintedGift.swift; sourceTree = "<group>"; };
		4B4B3193293F4B660001262E /* PerseusUISystemKitSingle.swift */ = {isa = PBXFileReference; fileEncoding = 4; lastKnownFileType = sourcecode.swift; path = PerseusUISystemKitSingle.swift; sourceTree = "<group>"; };
		4B52C535292CD05C00C7792A /* DarkModeSwitching.swift */ = {isa = PBXFileReference; lastKnownFileType = sourcecode.swift; path = DarkModeSwitching.swift; sourceTree = "<group>"; };
		4B5921A82B5C0E4800D312B9 /* LocalizedExpectationGift.swift */ = {isa = PBXFileReference; lastKnownFileType = sourcecode.swift; path = LocalizedExpectationGift.swift; sourceTree = "<group>"; };
		4B5921AB2B5C21AC00D312B9 /* PopoverConnectionsTests.swift */ = {isa = PBXFileReference; lastKnownFileType = sourcecode.swift; path = PopoverConnectionsTests.swift; sourceTree = "<group>"; };
		4B5921AE2B5C22A700D312B9 /* PopoverLocalizationTests.swift */ = {isa = PBXFileReference; lastKnownFileType = sourcecode.swift; path = PopoverLocalizationTests.swift; sourceTree = "<group>"; };
		4B5921B22B5C339800D312B9 /* PopoverAppearanceTests.swift */ = {isa = PBXFileReference; lastKnownFileType = sourcecode.swift; path = PopoverAppearanceTests.swift; sourceTree = "<group>"; };
		4B5921B52B5C378100D312B9 /* AboutConnectionsTests.swift */ = {isa = PBXFileReference; lastKnownFileType = sourcecode.swift; path = AboutConnectionsTests.swift; sourceTree = "<group>"; };
		4B5921B72B5C379200D312B9 /* AboutLocalizationTests.swift */ = {isa = PBXFileReference; lastKnownFileType = sourcecode.swift; path = AboutLocalizationTests.swift; sourceTree = "<group>"; };
		4B5921B92B5C37A300D312B9 /* AboutAppearanceTests.swift */ = {isa = PBXFileReference; lastKnownFileType = sourcecode.swift; path = AboutAppearanceTests.swift; sourceTree = "<group>"; };
		4B5921BB2B5C38F000D312B9 /* OptionsAppearanceTests.swift */ = {isa = PBXFileReference; lastKnownFileType = sourcecode.swift; path = OptionsAppearanceTests.swift; sourceTree = "<group>"; };
		4B5921C02B5CCC4900D312B9 /* TranslationTests.swift */ = {isa = PBXFileReference; lastKnownFileType = sourcecode.swift; path = TranslationTests.swift; sourceTree = "<group>"; };
		4B5F7D2E2B89243800121946 /* MeteoFactsDefaults.swift */ = {isa = PBXFileReference; lastKnownFileType = sourcecode.swift; path = MeteoFactsDefaults.swift; sourceTree = "<group>"; };
		4B5F7D342B96394600121946 /* ForecastDataSourceReader.swift */ = {isa = PBXFileReference; lastKnownFileType = sourcecode.swift; path = ForecastDataSourceReader.swift; sourceTree = "<group>"; };
		4B5F7D362B985C5D00121946 /* MeteoDataSource.swift */ = {isa = PBXFileReference; lastKnownFileType = sourcecode.swift; path = MeteoDataSource.swift; sourceTree = "<group>"; };
		4B5F7D382B98CA3900121946 /* CurrentDataSource.swift */ = {isa = PBXFileReference; lastKnownFileType = sourcecode.swift; path = CurrentDataSource.swift; sourceTree = "<group>"; };
		4B5F7D3A2B98EACA00121946 /* MeteoCategory.swift */ = {isa = PBXFileReference; lastKnownFileType = sourcecode.swift; path = MeteoCategory.swift; sourceTree = "<group>"; };
		4B5F7D3C2B9906F300121946 /* CurrentDataSourceReader.swift */ = {isa = PBXFileReference; lastKnownFileType = sourcecode.swift; path = CurrentDataSourceReader.swift; sourceTree = "<group>"; };
		4B5F7D3E2B99099F00121946 /* OpenWeatherCurrentParser.swift */ = {isa = PBXFileReference; lastKnownFileType = sourcecode.swift; path = OpenWeatherCurrentParser.swift; sourceTree = "<group>"; };
		4B5F7D402B9AD05900121946 /* MeteoDataSourceReader.swift */ = {isa = PBXFileReference; lastKnownFileType = sourcecode.swift; path = MeteoDataSourceReader.swift; sourceTree = "<group>"; };
		4B5F7D432BB6984D00121946 /* MeteoGroupView.swift */ = {isa = PBXFileReference; lastKnownFileType = sourcecode.swift; path = MeteoGroupView.swift; sourceTree = "<group>"; };
		4B5F7D452BB6986B00121946 /* MeteoGroupView.xib */ = {isa = PBXFileReference; lastKnownFileType = file.xib; path = MeteoGroupView.xib; sourceTree = "<group>"; };
		4B5F7D472BBBDAE800121946 /* MeteoGroupData.swift */ = {isa = PBXFileReference; lastKnownFileType = sourcecode.swift; path = MeteoGroupData.swift; sourceTree = "<group>"; };
		4B62FA7529DC1A6400DF6B85 /* PerseusLogger.swift */ = {isa = PBXFileReference; lastKnownFileType = sourcecode.swift; path = PerseusLogger.swift; sourceTree = "<group>"; };
		4B684C702B446A560063E359 /* JsonDataDictionaryGift.swift */ = {isa = PBXFileReference; lastKnownFileType = sourcecode.swift; path = JsonDataDictionaryGift.swift; sourceTree = "<group>"; };
		4B6F98612927D95500ADB03A /* .swiftlint.yml */ = {isa = PBXFileReference; lastKnownFileType = text; path = .swiftlint.yml; sourceTree = "<group>"; };
		4B6F98672927DF1400ADB03A /* en */ = {isa = PBXFileReference; lastKnownFileType = text.plist.strings; name = en; path = en.lproj/InfoPlist.strings; sourceTree = "<group>"; };
		4B6F98692927DF4800ADB03A /* ru */ = {isa = PBXFileReference; lastKnownFileType = text.plist.strings; name = ru; path = ru.lproj/InfoPlist.strings; sourceTree = "<group>"; };
		4B6F986B2927E0F000ADB03A /* Translation_en.plist */ = {isa = PBXFileReference; lastKnownFileType = text.plist.xml; path = Translation_en.plist; sourceTree = "<group>"; };
		4B6F986D2927E11700ADB03A /* Translation_ru.plist */ = {isa = PBXFileReference; lastKnownFileType = text.plist.xml; path = Translation_ru.plist; sourceTree = "<group>"; };
		4B6F98722927E4FC00ADB03A /* en */ = {isa = PBXFileReference; lastKnownFileType = text.plist.strings; name = en; path = en.lproj/Localizable.strings; sourceTree = "<group>"; };
		4B6F98742927E4FE00ADB03A /* ru */ = {isa = PBXFileReference; lastKnownFileType = text.plist.strings; name = ru; path = ru.lproj/Localizable.strings; sourceTree = "<group>"; };
		4B6F98792927EF0E00ADB03A /* LocalizedInfoPlistGift.swift */ = {isa = PBXFileReference; lastKnownFileType = sourcecode.swift; path = LocalizedInfoPlistGift.swift; sourceTree = "<group>"; };
		4B6F987B2927F08D00ADB03A /* OptionsLocalizationTests.swift */ = {isa = PBXFileReference; lastKnownFileType = sourcecode.swift; path = OptionsLocalizationTests.swift; sourceTree = "<group>"; };
		4B6F987D2928259E00ADB03A /* REQUIREMENTS.md */ = {isa = PBXFileReference; lastKnownFileType = net.daringfireball.markdown; path = REQUIREMENTS.md; sourceTree = "<group>"; };
		4B7690D32B4CA82A007F09D9 /* PerseusTimeFormat.swift */ = {isa = PBXFileReference; lastKnownFileType = sourcecode.swift; path = PerseusTimeFormat.swift; sourceTree = "<group>"; };
		4B76913B2B5011DD007F09D9 /* PerseusCompassDirection.swift */ = {isa = PBXFileReference; lastKnownFileType = sourcecode.swift; path = PerseusCompassDirection.swift; sourceTree = "<group>"; };
		4B76913D2B50123E007F09D9 /* CompassDirectionTests.swift */ = {isa = PBXFileReference; lastKnownFileType = sourcecode.swift; path = CompassDirectionTests.swift; sourceTree = "<group>"; };
		4B8426322B0F8E0D00C86E8A /* LanguageSwitcher.swift */ = {isa = PBXFileReference; lastKnownFileType = sourcecode.swift; path = LanguageSwitcher.swift; sourceTree = "<group>"; };
		4B8426352B13523600C86E8A /* PerseusDataDefender.swift */ = {isa = PBXFileReference; lastKnownFileType = sourcecode.swift; path = PerseusDataDefender.swift; sourceTree = "<group>"; };
		4B8426382B18810900C86E8A /* PerseusDefenderModels.swift */ = {isa = PBXFileReference; lastKnownFileType = sourcecode.swift; path = PerseusDefenderModels.swift; sourceTree = "<group>"; };
		4B84263B2B19CE2600C86E8A /* OpenWeatherStarModels.swift */ = {isa = PBXFileReference; lastKnownFileType = sourcecode.swift; path = OpenWeatherStarModels.swift; sourceTree = "<group>"; };
		4B84263F2B19D11B00C86E8A /* LanguageSwitcherModels.swift */ = {isa = PBXFileReference; lastKnownFileType = sourcecode.swift; path = LanguageSwitcherModels.swift; sourceTree = "<group>"; };
		4B993DB72B3738A7008C1FE7 /* PopoverViewController.swift */ = {isa = PBXFileReference; lastKnownFileType = sourcecode.swift; path = PopoverViewController.swift; sourceTree = "<group>"; };
		4B993DB92B3738CF008C1FE7 /* PopoverViewController.storyboard */ = {isa = PBXFileReference; lastKnownFileType = file.storyboard; path = PopoverViewController.storyboard; sourceTree = "<group>"; };
		4B993DC42B380EF9008C1FE7 /* LocationView.swift */ = {isa = PBXFileReference; lastKnownFileType = sourcecode.swift; path = LocationView.swift; sourceTree = "<group>"; };
		4B993DC82B380FDD008C1FE7 /* WeatherView.swift */ = {isa = PBXFileReference; lastKnownFileType = sourcecode.swift; path = WeatherView.swift; sourceTree = "<group>"; };
		4B993DCA2B38170E008C1FE7 /* LocationView.xib */ = {isa = PBXFileReference; lastKnownFileType = file.xib; path = LocationView.xib; sourceTree = "<group>"; };
		4B993DCC2B383AA2008C1FE7 /* WeatherView.xib */ = {isa = PBXFileReference; lastKnownFileType = file.xib; path = WeatherView.xib; sourceTree = "<group>"; };
		4BA719862AF0D5E10074F7CD /* StatusMenusButtonPresenter.swift */ = {isa = PBXFileReference; lastKnownFileType = sourcecode.swift; path = StatusMenusButtonPresenter.swift; sourceTree = "<group>"; };
		4BB2045A2B7029FC007E0308 /* ForecastDataSource.swift */ = {isa = PBXFileReference; lastKnownFileType = sourcecode.swift; path = ForecastDataSource.swift; sourceTree = "<group>"; };
		4BB2045C2B70EE3A007E0308 /* Protocols.swift */ = {isa = PBXFileReference; lastKnownFileType = sourcecode.swift; path = Protocols.swift; sourceTree = "<group>"; };
		4BB2045E2B70EE69007E0308 /* MeteoProvider.swift */ = {isa = PBXFileReference; lastKnownFileType = sourcecode.swift; path = MeteoProvider.swift; sourceTree = "<group>"; };
		4BB204622B70F2FE007E0308 /* OpenWeatherForecastParser.swift */ = {isa = PBXFileReference; lastKnownFileType = sourcecode.swift; path = OpenWeatherForecastParser.swift; sourceTree = "<group>"; };
		4BB204692B753A47007E0308 /* ForecastDaysViewItem.swift */ = {isa = PBXFileReference; lastKnownFileType = sourcecode.swift; path = ForecastDaysViewItem.swift; sourceTree = "<group>"; };
		4BB2046B2B753CC7007E0308 /* ForecastDaysViewItem.xib */ = {isa = PBXFileReference; lastKnownFileType = file.xib; path = ForecastDaysViewItem.xib; sourceTree = "<group>"; };
		4BB2046D2B755BDB007E0308 /* ForecastDay.swift */ = {isa = PBXFileReference; lastKnownFileType = sourcecode.swift; path = ForecastDay.swift; sourceTree = "<group>"; };
		4BB204732B7805DF007E0308 /* ForecastHour.swift */ = {isa = PBXFileReference; lastKnownFileType = sourcecode.swift; path = ForecastHour.swift; sourceTree = "<group>"; };
		4BB204792B79368A007E0308 /* ForecastHoursViewItem.xib */ = {isa = PBXFileReference; lastKnownFileType = file.xib; path = ForecastHoursViewItem.xib; sourceTree = "<group>"; };
		4BB2047B2B7936CB007E0308 /* ForecastHoursViewItem.swift */ = {isa = PBXFileReference; lastKnownFileType = sourcecode.swift; path = ForecastHoursViewItem.swift; sourceTree = "<group>"; };
		4BB957422B568EDB005EB98E /* PerseusLogger.swift */ = {isa = PBXFileReference; lastKnownFileType = sourcecode.swift; path = PerseusLogger.swift; sourceTree = "<group>"; };
		4BBE90642912911D008F734D /* TestingAppDelegate.swift */ = {isa = PBXFileReference; lastKnownFileType = sourcecode.swift; path = TestingAppDelegate.swift; sourceTree = "<group>"; };
		4BBE90662912931A008F734D /* main.swift */ = {isa = PBXFileReference; lastKnownFileType = sourcecode.swift; path = main.swift; sourceTree = "<group>"; };
		4BBE9068291293E7008F734D /* .gitignore */ = {isa = PBXFileReference; fileEncoding = 4; lastKnownFileType = text; path = .gitignore; sourceTree = "<group>"; };
		4BBE906A291293F0008F734D /* LICENSE */ = {isa = PBXFileReference; fileEncoding = 4; lastKnownFileType = text; path = LICENSE; sourceTree = "<group>"; };
		4BBE906C291293F6008F734D /* README.md */ = {isa = PBXFileReference; fileEncoding = 4; lastKnownFileType = net.daringfireball.markdown; path = README.md; sourceTree = "<group>"; };
		4BBE907029137B5D008F734D /* main.yml */ = {isa = PBXFileReference; fileEncoding = 4; lastKnownFileType = text; name = main.yml; path = .github/workflows/main.yml; sourceTree = "<group>"; };
		4BC2F2C829EE64E200386671 /* PerseusGeoLocationSingle.swift */ = {isa = PBXFileReference; lastKnownFileType = sourcecode.swift; path = PerseusGeoLocationSingle.swift; sourceTree = "<group>"; };
		4BDEF1CA2A10D521001FFE9B /* OpenWeatherStar.swift */ = {isa = PBXFileReference; lastKnownFileType = sourcecode.swift; path = OpenWeatherStar.swift; sourceTree = "<group>"; };
		4BE29E8F2B3A23120027515A /* ForecastView.xib */ = {isa = PBXFileReference; lastKnownFileType = file.xib; path = ForecastView.xib; sourceTree = "<group>"; };
		4BE29E912B3A23340027515A /* ForecastView.swift */ = {isa = PBXFileReference; lastKnownFileType = sourcecode.swift; path = ForecastView.swift; sourceTree = "<group>"; };
		4BEAB2E42B66D1C100AEACF5 /* CurrentSystemLanguageGift.swift */ = {isa = PBXFileReference; lastKnownFileType = sourcecode.swift; path = CurrentSystemLanguageGift.swift; sourceTree = "<group>"; };
		4BEAB2E62B6711EF00AEACF5 /* AppApperance.swift */ = {isa = PBXFileReference; lastKnownFileType = sourcecode.swift; path = AppApperance.swift; sourceTree = "<group>"; };
		4BEE281C2B4AE07700F06A69 /* AppOptions.swift */ = {isa = PBXFileReference; fileEncoding = 4; lastKnownFileType = sourcecode.swift; path = AppOptions.swift; sourceTree = "<group>"; };
		4BFA5FD92989A12800AC09F5 /* OptionsWindowController.storyboard */ = {isa = PBXFileReference; lastKnownFileType = file.storyboard; path = OptionsWindowController.storyboard; sourceTree = "<group>"; };
		4BFA5FDB2989A16400AC09F5 /* OptionsWindowController.swift */ = {isa = PBXFileReference; lastKnownFileType = sourcecode.swift; path = OptionsWindowController.swift; sourceTree = "<group>"; };
		4BFA5FDD2989A1F000AC09F5 /* OptionsViewController.swift */ = {isa = PBXFileReference; lastKnownFileType = sourcecode.swift; path = OptionsViewController.swift; sourceTree = "<group>"; };
/* End PBXFileReference section */

/* Begin PBXFrameworksBuildPhase section */
		4B1483DE2912892C0013B76E /* Frameworks */ = {
			isa = PBXFrameworksBuildPhase;
			buildActionMask = 2147483647;
			files = (
			);
			runOnlyForDeploymentPostprocessing = 0;
		};
		4B1483F02912892F0013B76E /* Frameworks */ = {
			isa = PBXFrameworksBuildPhase;
			buildActionMask = 2147483647;
			files = (
			);
			runOnlyForDeploymentPostprocessing = 0;
		};
/* End PBXFrameworksBuildPhase section */

/* Begin PBXGroup section */
		4B030E712B27729C00ED9018 /* About */ = {
			isa = PBXGroup;
			children = (
				4B030E742B27738800ED9018 /* AboutWindowController.storyboard */,
				4B030E762B277DD600ED9018 /* AboutWindowController.swift */,
				4B030E782B277E6500ED9018 /* AboutViewController.swift */,
			);
			path = About;
			sourceTree = "<group>";
		};
		4B1483D82912892C0013B76E = {
			isa = PBXGroup;
			children = (
				4BBE907029137B5D008F734D /* main.yml */,
				4BBE906A291293F0008F734D /* LICENSE */,
				4BBE906C291293F6008F734D /* README.md */,
				4B030E7C2B2DB42200ED9018 /* CHANGELOG.md */,
				4B6F987D2928259E00ADB03A /* REQUIREMENTS.md */,
				4BBE9068291293E7008F734D /* .gitignore */,
				4B6F98612927D95500ADB03A /* .swiftlint.yml */,
				4B1483E32912892C0013B76E /* PerseusMeteo */,
				4B1483F62912892F0013B76E /* SnowmanTests */,
				4B1483E22912892C0013B76E /* Products */,
			);
			sourceTree = "<group>";
		};
		4B1483E22912892C0013B76E /* Products */ = {
			isa = PBXGroup;
			children = (
				4B1483E12912892C0013B76E /* Snowman.app */,
				4B1483F32912892F0013B76E /* SnowmanTests.xctest */,
			);
			name = Products;
			sourceTree = "<group>";
		};
		4B1483E32912892C0013B76E /* PerseusMeteo */ = {
			isa = PBXGroup;
			children = (
				4BBE90662912931A008F734D /* main.swift */,
				4B1483E42912892C0013B76E /* AppDelegate.swift */,
				4B6F98752927E7C600ADB03A /* FirstPartyCode */,
				4B14840229128A930013B76E /* Configuration */,
				4B684C6D2B438A370063E359 /* BusinessData */,
				4B3384652B5428CA004682DF /* BusinessLogic */,
				4B14840429128E460013B76E /* BusinessContent */,
			);
			path = PerseusMeteo;
			sourceTree = "<group>";
		};
		4B1483F62912892F0013B76E /* SnowmanTests */ = {
			isa = PBXGroup;
			children = (
				4BBE90642912911D008F734D /* TestingAppDelegate.swift */,
				4B1483F92912892F0013B76E /* Info.plist */,
				4B6F98782927EEF400ADB03A /* GiftsAndHelpers */,
				4B7691362B4F2C6B007F09D9 /* UnitTests */,
			);
			path = SnowmanTests;
			sourceTree = "<group>";
		};
		4B14840229128A930013B76E /* Configuration */ = {
			isa = PBXGroup;
			children = (
				4B5921C22B629AEC00D312B9 /* Translations */,
				4B6F98632927DDA300ADB03A /* Localization */,
				4B1483E82912892F0013B76E /* Assets.xcassets */,
				4B1483ED2912892F0013B76E /* Info.plist */,
				4B1483EE2912892F0013B76E /* PerseusMeteo.entitlements */,
				4B0A49F229F631CD00CAE8A0 /* AppGlobals.swift */,
				4BEE281C2B4AE07700F06A69 /* AppOptions.swift */,
				4B030E7A2B2D003A00ED9018 /* AppLinks.swift */,
				4BEAB2E62B6711EF00AEACF5 /* AppApperance.swift */,
			);
			path = Configuration;
			sourceTree = "<group>";
		};
		4B14840429128E460013B76E /* BusinessContent */ = {
			isa = PBXGroup;
			children = (
				4B993DB62B37382D008C1FE7 /* Popover */,
				4BFA5FD8298974FA00AC09F5 /* Options */,
				4B030E712B27729C00ED9018 /* About */,
			);
			path = BusinessContent;
			sourceTree = "<group>";
		};
		4B1CA6A12B54927E003F3EBF /* Helpers */ = {
			isa = PBXGroup;
			children = (
				4B76913B2B5011DD007F09D9 /* PerseusCompassDirection.swift */,
				4B7690D32B4CA82A007F09D9 /* PerseusTimeFormat.swift */,
				4B62FA7529DC1A6400DF6B85 /* PerseusLogger.swift */,
			);
			path = Helpers;
			sourceTree = "<group>";
		};
		4B26A2ED2B0B580F00FCEA9B /* OptionsScreenTests */ = {
			isa = PBXGroup;
			children = (
				4B26A2EE2B0B584E00FCEA9B /* OptionsConnectionsTests.swift */,
				4B6F987B2927F08D00ADB03A /* OptionsLocalizationTests.swift */,
				4B5921BB2B5C38F000D312B9 /* OptionsAppearanceTests.swift */,
			);
			path = OptionsScreenTests;
			sourceTree = "<group>";
		};
		4B3384652B5428CA004682DF /* BusinessLogic */ = {
			isa = PBXGroup;
			children = (
				4BA719862AF0D5E10074F7CD /* StatusMenusButtonPresenter.swift */,
				4B1CA6A22B549358003F3EBF /* MeteoClientManager.swift */,
			);
			path = BusinessLogic;
			sourceTree = "<group>";
		};
		4B3384662B5475E7004682DF /* Gifts */ = {
			isa = PBXGroup;
			children = (
				4B3384672B547609004682DF /* JsonDataPrettyPrintedGift.swift */,
				4B684C702B446A560063E359 /* JsonDataDictionaryGift.swift */,
				4BEAB2E42B66D1C100AEACF5 /* CurrentSystemLanguageGift.swift */,
			);
			path = Gifts;
			sourceTree = "<group>";
		};
		4B5921AA2B5C20EE00D312B9 /* PopoverScreenTests */ = {
			isa = PBXGroup;
			children = (
				4B5921AB2B5C21AC00D312B9 /* PopoverConnectionsTests.swift */,
				4B5921AE2B5C22A700D312B9 /* PopoverLocalizationTests.swift */,
				4B5921B22B5C339800D312B9 /* PopoverAppearanceTests.swift */,
			);
			path = PopoverScreenTests;
			sourceTree = "<group>";
		};
		4B5921B42B5C375800D312B9 /* AboutScreenTests */ = {
			isa = PBXGroup;
			children = (
				4B5921B52B5C378100D312B9 /* AboutConnectionsTests.swift */,
				4B5921B72B5C379200D312B9 /* AboutLocalizationTests.swift */,
				4B5921B92B5C37A300D312B9 /* AboutAppearanceTests.swift */,
			);
			path = AboutScreenTests;
			sourceTree = "<group>";
		};
		4B5921C22B629AEC00D312B9 /* Translations */ = {
			isa = PBXGroup;
			children = (
				4B6F986B2927E0F000ADB03A /* Translation_en.plist */,
				4B6F986D2927E11700ADB03A /* Translation_ru.plist */,
			);
			path = Translations;
			sourceTree = "<group>";
		};
		4B5F7D2C2B82987E00121946 /* Common */ = {
			isa = PBXGroup;
			children = (
				4BB2045C2B70EE3A007E0308 /* Protocols.swift */,
				4BB2045E2B70EE69007E0308 /* MeteoProvider.swift */,
				4B5F7D2E2B89243800121946 /* MeteoFactsDefaults.swift */,
				4B5F7D362B985C5D00121946 /* MeteoDataSource.swift */,
				4B5F7D3A2B98EACA00121946 /* MeteoCategory.swift */,
				4B5F7D402B9AD05900121946 /* MeteoDataSourceReader.swift */,
			);
			path = Common;
			sourceTree = "<group>";
		};
		4B5F7D422BB6980600121946 /* Common */ = {
			isa = PBXGroup;
			children = (
				4B5F7D472BBBDAE800121946 /* MeteoGroupData.swift */,
				4B5F7D432BB6984D00121946 /* MeteoGroupView.swift */,
				4B5F7D452BB6986B00121946 /* MeteoGroupView.xib */,
			);
			path = Common;
			sourceTree = "<group>";
		};
		4B684C6D2B438A370063E359 /* BusinessData */ = {
			isa = PBXGroup;
			children = (
				4BB2045A2B7029FC007E0308 /* ForecastDataSource.swift */,
				4B5F7D382B98CA3900121946 /* CurrentDataSource.swift */,
				4B1073942B4607CE008A692D /* MeteoFactsRepresenter.swift */,
				4B5F7D2C2B82987E00121946 /* Common */,
				4BB204592B7023C3007E0308 /* Forecast */,
				4BB204582B702384007E0308 /* CurrentWeather */,
			);
			path = BusinessData;
			sourceTree = "<group>";
		};
		4B6F98632927DDA300ADB03A /* Localization */ = {
			isa = PBXGroup;
			children = (
				4B6F98682927DF1400ADB03A /* InfoPlist.strings */,
				4B6F98732927E4FC00ADB03A /* Localizable.strings */,
			);
			path = Localization;
			sourceTree = "<group>";
		};
		4B6F98752927E7C600ADB03A /* FirstPartyCode */ = {
			isa = PBXGroup;
			children = (
				4B3384662B5475E7004682DF /* Gifts */,
				4B1CA6A12B54927E003F3EBF /* Helpers */,
				4B84263D2B19D0C800C86E8A /* Dark Mode */,
				4B84263A2B19CE0700C86E8A /* OpenWeatherStar */,
				4B8426372B1880A800C86E8A /* PerseusDataDefender */,
				4B84263E2B19D0DC00C86E8A /* LanguageSwitcher */,
				4BC2F2C829EE64E200386671 /* PerseusGeoLocationSingle.swift */,
			);
			path = FirstPartyCode;
			sourceTree = "<group>";
		};
		4B6F98782927EEF400ADB03A /* GiftsAndHelpers */ = {
			isa = PBXGroup;
			children = (
				4B6F98792927EF0E00ADB03A /* LocalizedInfoPlistGift.swift */,
				4B5921A82B5C0E4800D312B9 /* LocalizedExpectationGift.swift */,
				4BB957422B568EDB005EB98E /* PerseusLogger.swift */,
			);
			path = GiftsAndHelpers;
			sourceTree = "<group>";
		};
		4B7691362B4F2C6B007F09D9 /* UnitTests */ = {
			isa = PBXGroup;
			children = (
				4B1483F72912892F0013B76E /* BundleTests.swift */,
				4B76913D2B50123E007F09D9 /* CompassDirectionTests.swift */,
				4B5921C02B5CCC4900D312B9 /* TranslationTests.swift */,
				4B5921AA2B5C20EE00D312B9 /* PopoverScreenTests */,
				4B26A2ED2B0B580F00FCEA9B /* OptionsScreenTests */,
				4B5921B42B5C375800D312B9 /* AboutScreenTests */,
			);
			path = UnitTests;
			sourceTree = "<group>";
		};
		4B8426372B1880A800C86E8A /* PerseusDataDefender */ = {
			isa = PBXGroup;
			children = (
				4B8426352B13523600C86E8A /* PerseusDataDefender.swift */,
				4B8426382B18810900C86E8A /* PerseusDefenderModels.swift */,
			);
			path = PerseusDataDefender;
			sourceTree = "<group>";
		};
		4B84263A2B19CE0700C86E8A /* OpenWeatherStar */ = {
			isa = PBXGroup;
			children = (
				4BDEF1CA2A10D521001FFE9B /* OpenWeatherStar.swift */,
				4B84263B2B19CE2600C86E8A /* OpenWeatherStarModels.swift */,
			);
			path = OpenWeatherStar;
			sourceTree = "<group>";
		};
		4B84263D2B19D0C800C86E8A /* Dark Mode */ = {
			isa = PBXGroup;
			children = (
				4B4B3193293F4B660001262E /* PerseusUISystemKitSingle.swift */,
				4B52C535292CD05C00C7792A /* DarkModeSwitching.swift */,
			);
			path = "Dark Mode";
			sourceTree = "<group>";
		};
		4B84263E2B19D0DC00C86E8A /* LanguageSwitcher */ = {
			isa = PBXGroup;
			children = (
				4B8426322B0F8E0D00C86E8A /* LanguageSwitcher.swift */,
				4B84263F2B19D11B00C86E8A /* LanguageSwitcherModels.swift */,
			);
			path = LanguageSwitcher;
			sourceTree = "<group>";
		};
		4B993DB62B37382D008C1FE7 /* Popover */ = {
			isa = PBXGroup;
			children = (
				4B993DB92B3738CF008C1FE7 /* PopoverViewController.storyboard */,
				4B993DB72B3738A7008C1FE7 /* PopoverViewController.swift */,
				4BB204662B7536BA007E0308 /* LocationView */,
				4BB204672B7536D0007E0308 /* WeatherView */,
				4BB204682B7536E5007E0308 /* ForecastView */,
				4B5F7D422BB6980600121946 /* Common */,
			);
			path = Popover;
			sourceTree = "<group>";
		};
		4BB204582B702384007E0308 /* CurrentWeather */ = {
			isa = PBXGroup;
			children = (
				4B5F7D3C2B9906F300121946 /* CurrentDataSourceReader.swift */,
				4B5F7D3E2B99099F00121946 /* OpenWeatherCurrentParser.swift */,
			);
			path = CurrentWeather;
			sourceTree = "<group>";
		};
		4BB204592B7023C3007E0308 /* Forecast */ = {
			isa = PBXGroup;
			children = (
				4BB2046D2B755BDB007E0308 /* ForecastDay.swift */,
				4BB204732B7805DF007E0308 /* ForecastHour.swift */,
				4B5F7D342B96394600121946 /* ForecastDataSourceReader.swift */,
				4BB204622B70F2FE007E0308 /* OpenWeatherForecastParser.swift */,
			);
			path = Forecast;
			sourceTree = "<group>";
		};
		4BB204662B7536BA007E0308 /* LocationView */ = {
			isa = PBXGroup;
			children = (
				4B993DC42B380EF9008C1FE7 /* LocationView.swift */,
				4B993DCA2B38170E008C1FE7 /* LocationView.xib */,
			);
			path = LocationView;
			sourceTree = "<group>";
		};
		4BB204672B7536D0007E0308 /* WeatherView */ = {
			isa = PBXGroup;
			children = (
				4B993DC82B380FDD008C1FE7 /* WeatherView.swift */,
				4B993DCC2B383AA2008C1FE7 /* WeatherView.xib */,
			);
			path = WeatherView;
			sourceTree = "<group>";
		};
		4BB204682B7536E5007E0308 /* ForecastView */ = {
			isa = PBXGroup;
			children = (
				4BE29E8F2B3A23120027515A /* ForecastView.xib */,
				4BE29E912B3A23340027515A /* ForecastView.swift */,
				4BB2046B2B753CC7007E0308 /* ForecastDaysViewItem.xib */,
				4BB204692B753A47007E0308 /* ForecastDaysViewItem.swift */,
				4BB204792B79368A007E0308 /* ForecastHoursViewItem.xib */,
				4BB2047B2B7936CB007E0308 /* ForecastHoursViewItem.swift */,
			);
			path = ForecastView;
			sourceTree = "<group>";
		};
		4BFA5FD8298974FA00AC09F5 /* Options */ = {
			isa = PBXGroup;
			children = (
				4BFA5FD92989A12800AC09F5 /* OptionsWindowController.storyboard */,
				4BFA5FDB2989A16400AC09F5 /* OptionsWindowController.swift */,
				4BFA5FDD2989A1F000AC09F5 /* OptionsViewController.swift */,
			);
			path = Options;
			sourceTree = "<group>";
		};
/* End PBXGroup section */

/* Begin PBXNativeTarget section */
		4B1483E02912892C0013B76E /* PerseusMeteo */ = {
			isa = PBXNativeTarget;
			buildConfigurationList = 4B1483FC2912892F0013B76E /* Build configuration list for PBXNativeTarget "PerseusMeteo" */;
			buildPhases = (
				4B1483DD2912892C0013B76E /* Sources */,
				4B1483DE2912892C0013B76E /* Frameworks */,
				4B1483DF2912892C0013B76E /* Resources */,
				4B6F98602927D85B00ADB03A /* ShellScript */,
			);
			buildRules = (
			);
			dependencies = (
			);
			name = PerseusMeteo;
			productName = XcodeTemplateProject;
			productReference = 4B1483E12912892C0013B76E /* Snowman.app */;
			productType = "com.apple.product-type.application";
		};
		4B1483F22912892F0013B76E /* SnowmanTests */ = {
			isa = PBXNativeTarget;
			buildConfigurationList = 4B1483FF2912892F0013B76E /* Build configuration list for PBXNativeTarget "SnowmanTests" */;
			buildPhases = (
				4B1483EF2912892F0013B76E /* Sources */,
				4B1483F02912892F0013B76E /* Frameworks */,
				4B1483F12912892F0013B76E /* Resources */,
			);
			buildRules = (
			);
			dependencies = (
				4B7690FC2B4EFD5B007F09D9 /* PBXTargetDependency */,
			);
			name = SnowmanTests;
			productName = XcodeTemplateProjectTests;
			productReference = 4B1483F32912892F0013B76E /* SnowmanTests.xctest */;
			productType = "com.apple.product-type.bundle.unit-test";
		};
/* End PBXNativeTarget section */

/* Begin PBXProject section */
		4B1483D92912892C0013B76E /* Project object */ = {
			isa = PBXProject;
			attributes = {
				LastSwiftUpdateCheck = 1010;
				LastUpgradeCheck = 1010;
				ORGANIZATIONNAME = "Mikhail Zhigulin";
				TargetAttributes = {
					4B1483E02912892C0013B76E = {
						CreatedOnToolsVersion = 10.1;
						SystemCapabilities = {
							com.apple.Sandbox = {
								enabled = 1;
							};
						};
					};
					4B1483F22912892F0013B76E = {
						CreatedOnToolsVersion = 10.1;
						TestTargetID = 4B1483E02912892C0013B76E;
					};
				};
			};
			buildConfigurationList = 4B1483DC2912892C0013B76E /* Build configuration list for PBXProject "PerseusMeteo" */;
			compatibilityVersion = "Xcode 10.0";
			developmentRegion = en;
			hasScannedForEncodings = 0;
			knownRegions = (
				en,
				Base,
				ru,
			);
			mainGroup = 4B1483D82912892C0013B76E;
			productRefGroup = 4B1483E22912892C0013B76E /* Products */;
			projectDirPath = "";
			projectRoot = "";
			targets = (
				4B1483E02912892C0013B76E /* PerseusMeteo */,
				4B1483F22912892F0013B76E /* SnowmanTests */,
			);
		};
/* End PBXProject section */

/* Begin PBXResourcesBuildPhase section */
		4B1483DF2912892C0013B76E /* Resources */ = {
			isa = PBXResourcesBuildPhase;
			buildActionMask = 2147483647;
			files = (
				4B993DBA2B3738CF008C1FE7 /* PopoverViewController.storyboard in Resources */,
				4B6F986C2927E0F000ADB03A /* Translation_en.plist in Resources */,
				4B6F98712927E4FC00ADB03A /* Localizable.strings in Resources */,
				4B5F7D462BB6986B00121946 /* MeteoGroupView.xib in Resources */,
				4B6F98622927D95500ADB03A /* .swiftlint.yml in Resources */,
				4B6F987E2928259E00ADB03A /* REQUIREMENTS.md in Resources */,
				4BB2047A2B79368A007E0308 /* ForecastHoursViewItem.xib in Resources */,
				4B993DCD2B383AA2008C1FE7 /* WeatherView.xib in Resources */,
				4BBE906D291293F6008F734D /* README.md in Resources */,
				4BE29E902B3A23120027515A /* ForecastView.xib in Resources */,
				4B993DCB2B38170E008C1FE7 /* LocationView.xib in Resources */,
				4BB2046C2B753CC7007E0308 /* ForecastDaysViewItem.xib in Resources */,
				4BBE9069291293E8008F734D /* .gitignore in Resources */,
				4B1483E92912892F0013B76E /* Assets.xcassets in Resources */,
				4BFA5FDA2989A12800AC09F5 /* OptionsWindowController.storyboard in Resources */,
				4BBE906B291293F0008F734D /* LICENSE in Resources */,
				4B030E752B27738800ED9018 /* AboutWindowController.storyboard in Resources */,
				4B030E7D2B2DB42200ED9018 /* CHANGELOG.md in Resources */,
				4B6F986E2927E11700ADB03A /* Translation_ru.plist in Resources */,
				4B6F98662927DF1400ADB03A /* InfoPlist.strings in Resources */,
				4BBE907129137B5E008F734D /* main.yml in Resources */,
			);
			runOnlyForDeploymentPostprocessing = 0;
		};
		4B1483F12912892F0013B76E /* Resources */ = {
			isa = PBXResourcesBuildPhase;
			buildActionMask = 2147483647;
			files = (
			);
			runOnlyForDeploymentPostprocessing = 0;
		};
/* End PBXResourcesBuildPhase section */

/* Begin PBXShellScriptBuildPhase section */
		4B6F98602927D85B00ADB03A /* ShellScript */ = {
			isa = PBXShellScriptBuildPhase;
			buildActionMask = 2147483647;
			files = (
			);
			inputFileListPaths = (
			);
			inputPaths = (
			);
			outputFileListPaths = (
			);
			outputPaths = (
			);
			runOnlyForDeploymentPostprocessing = 0;
			shellPath = /bin/sh;
			shellScript = "if [ \"${CONFIGURATION}\" = \"Debug\" ]; then\nif which swiftlint >/dev/null; then\nswiftlint --config \"$SRCROOT/.swiftlint.yml\"\nelse\necho \"warning: SwiftLint not installed, download from https://github.com/realm/SwiftLint\"\nexit 1\nfi\nfi\n";
		};
/* End PBXShellScriptBuildPhase section */

/* Begin PBXSourcesBuildPhase section */
		4B1483DD2912892C0013B76E /* Sources */ = {
			isa = PBXSourcesBuildPhase;
			buildActionMask = 2147483647;
			files = (
				4B76913C2B5011DD007F09D9 /* PerseusCompassDirection.swift in Sources */,
				4B0A49F329F631CD00CAE8A0 /* AppGlobals.swift in Sources */,
				4BFA5FDE2989A1F000AC09F5 /* OptionsViewController.swift in Sources */,
				4B52C536292CD05C00C7792A /* DarkModeSwitching.swift in Sources */,
				4B7690D42B4CA82A007F09D9 /* PerseusTimeFormat.swift in Sources */,
				4B5F7D442BB6984D00121946 /* MeteoGroupView.swift in Sources */,
				4B030E772B277DD600ED9018 /* AboutWindowController.swift in Sources */,
				4BA719872AF0D5E10074F7CD /* StatusMenusButtonPresenter.swift in Sources */,
				4BE29E922B3A23340027515A /* ForecastView.swift in Sources */,
				4B5F7D2F2B89243800121946 /* MeteoFactsDefaults.swift in Sources */,
				4B5F7D482BBBDAE800121946 /* MeteoGroupData.swift in Sources */,
				4B1073952B4607CE008A692D /* MeteoFactsRepresenter.swift in Sources */,
				4BB2045D2B70EE3A007E0308 /* Protocols.swift in Sources */,
				4BB2046E2B755BDB007E0308 /* ForecastDay.swift in Sources */,
				4B5F7D412B9AD05900121946 /* MeteoDataSourceReader.swift in Sources */,
				4BEE281D2B4AE07700F06A69 /* AppOptions.swift in Sources */,
				4B030E792B277E6500ED9018 /* AboutViewController.swift in Sources */,
				4B993DB82B3738A7008C1FE7 /* PopoverViewController.swift in Sources */,
				4BBE90672912931A008F734D /* main.swift in Sources */,
				4BFA5FDC2989A16400AC09F5 /* OptionsWindowController.swift in Sources */,
				4BB204632B70F2FE007E0308 /* OpenWeatherForecastParser.swift in Sources */,
				4B62FA7629DC1A6400DF6B85 /* PerseusLogger.swift in Sources */,
				4B3384682B547609004682DF /* JsonDataPrettyPrintedGift.swift in Sources */,
				4B1CA6A32B549358003F3EBF /* MeteoClientManager.swift in Sources */,
				4B5F7D3F2B99099F00121946 /* OpenWeatherCurrentParser.swift in Sources */,
				4BB2045B2B7029FC007E0308 /* ForecastDataSource.swift in Sources */,
				4BB2047C2B7936CB007E0308 /* ForecastHoursViewItem.swift in Sources */,
				4B8426332B0F8E0D00C86E8A /* LanguageSwitcher.swift in Sources */,
				4B8426392B18810900C86E8A /* PerseusDefenderModels.swift in Sources */,
				4B5F7D372B985C5D00121946 /* MeteoDataSource.swift in Sources */,
				4B993DC52B380EF9008C1FE7 /* LocationView.swift in Sources */,
				4B684C712B446A560063E359 /* JsonDataDictionaryGift.swift in Sources */,
				4B030E7B2B2D003A00ED9018 /* AppLinks.swift in Sources */,
				4BB2046A2B753A47007E0308 /* ForecastDaysViewItem.swift in Sources */,
				4B5F7D352B96394600121946 /* ForecastDataSourceReader.swift in Sources */,
				4B993DC92B380FDD008C1FE7 /* WeatherView.swift in Sources */,
				4B5F7D3B2B98EACA00121946 /* MeteoCategory.swift in Sources */,
				4BEAB2E72B6711EF00AEACF5 /* AppApperance.swift in Sources */,
				4B8426362B13523600C86E8A /* PerseusDataDefender.swift in Sources */,
				4B4B3194293F4B660001262E /* PerseusUISystemKitSingle.swift in Sources */,
				4BB204742B7805DF007E0308 /* ForecastHour.swift in Sources */,
				4BDEF1CB2A10D521001FFE9B /* OpenWeatherStar.swift in Sources */,
				4BEAB2E52B66D1C100AEACF5 /* CurrentSystemLanguageGift.swift in Sources */,
				4B5F7D3D2B9906F300121946 /* CurrentDataSourceReader.swift in Sources */,
				4BB2045F2B70EE69007E0308 /* MeteoProvider.swift in Sources */,
				4B8426402B19D11B00C86E8A /* LanguageSwitcherModels.swift in Sources */,
				4B5F7D392B98CA3900121946 /* CurrentDataSource.swift in Sources */,
				4B1483E52912892C0013B76E /* AppDelegate.swift in Sources */,
				4BC2F2C929EE64E200386671 /* PerseusGeoLocationSingle.swift in Sources */,
				4B84263C2B19CE2600C86E8A /* OpenWeatherStarModels.swift in Sources */,
			);
			runOnlyForDeploymentPostprocessing = 0;
		};
		4B1483EF2912892F0013B76E /* Sources */ = {
			isa = PBXSourcesBuildPhase;
			buildActionMask = 2147483647;
			files = (
				4B1483F82912892F0013B76E /* BundleTests.swift in Sources */,
				4B5921B32B5C339800D312B9 /* PopoverAppearanceTests.swift in Sources */,
				4B5921C12B5CCC4900D312B9 /* TranslationTests.swift in Sources */,
				4B5921B82B5C379200D312B9 /* AboutLocalizationTests.swift in Sources */,
				4B5921BA2B5C37A300D312B9 /* AboutAppearanceTests.swift in Sources */,
				4B5921A92B5C0E4800D312B9 /* LocalizedExpectationGift.swift in Sources */,
				4B5921B62B5C378100D312B9 /* AboutConnectionsTests.swift in Sources */,
				4B5921BC2B5C38F000D312B9 /* OptionsAppearanceTests.swift in Sources */,
				4B5921AF2B5C22A700D312B9 /* PopoverLocalizationTests.swift in Sources */,
				4B26A2EF2B0B584E00FCEA9B /* OptionsConnectionsTests.swift in Sources */,
				4B76913E2B50123E007F09D9 /* CompassDirectionTests.swift in Sources */,
				4B6F987A2927EF0E00ADB03A /* LocalizedInfoPlistGift.swift in Sources */,
				4B6F987C2927F08D00ADB03A /* OptionsLocalizationTests.swift in Sources */,
				4BB957432B568EDB005EB98E /* PerseusLogger.swift in Sources */,
				4BBE90652912911D008F734D /* TestingAppDelegate.swift in Sources */,
				4B5921AC2B5C21AC00D312B9 /* PopoverConnectionsTests.swift in Sources */,
			);
			runOnlyForDeploymentPostprocessing = 0;
		};
/* End PBXSourcesBuildPhase section */

/* Begin PBXTargetDependency section */
		4B7690FC2B4EFD5B007F09D9 /* PBXTargetDependency */ = {
			isa = PBXTargetDependency;
			target = 4B1483E02912892C0013B76E /* PerseusMeteo */;
			targetProxy = 4B7690FB2B4EFD5B007F09D9 /* PBXContainerItemProxy */;
		};
/* End PBXTargetDependency section */

/* Begin PBXVariantGroup section */
		4B6F98682927DF1400ADB03A /* InfoPlist.strings */ = {
			isa = PBXVariantGroup;
			children = (
				4B6F98672927DF1400ADB03A /* en */,
				4B6F98692927DF4800ADB03A /* ru */,
			);
			name = InfoPlist.strings;
			sourceTree = "<group>";
		};
		4B6F98732927E4FC00ADB03A /* Localizable.strings */ = {
			isa = PBXVariantGroup;
			children = (
				4B6F98722927E4FC00ADB03A /* en */,
				4B6F98742927E4FE00ADB03A /* ru */,
			);
			name = Localizable.strings;
			sourceTree = "<group>";
		};
/* End PBXVariantGroup section */

/* Begin XCBuildConfiguration section */
		4B1483FA2912892F0013B76E /* Debug */ = {
			isa = XCBuildConfiguration;
			buildSettings = {
				ALWAYS_SEARCH_USER_PATHS = NO;
				CLANG_ANALYZER_LOCALIZABILITY_NONLOCALIZED = YES;
				CLANG_ANALYZER_NONNULL = YES;
				CLANG_ANALYZER_NUMBER_OBJECT_CONVERSION = YES_AGGRESSIVE;
				CLANG_CXX_LANGUAGE_STANDARD = "gnu++14";
				CLANG_CXX_LIBRARY = "libc++";
				CLANG_ENABLE_MODULES = YES;
				CLANG_ENABLE_OBJC_ARC = YES;
				CLANG_ENABLE_OBJC_WEAK = YES;
				CLANG_WARN_BLOCK_CAPTURE_AUTORELEASING = YES;
				CLANG_WARN_BOOL_CONVERSION = YES;
				CLANG_WARN_COMMA = YES;
				CLANG_WARN_CONSTANT_CONVERSION = YES;
				CLANG_WARN_DEPRECATED_OBJC_IMPLEMENTATIONS = YES;
				CLANG_WARN_DIRECT_OBJC_ISA_USAGE = YES_ERROR;
				CLANG_WARN_DOCUMENTATION_COMMENTS = YES;
				CLANG_WARN_EMPTY_BODY = YES;
				CLANG_WARN_ENUM_CONVERSION = YES;
				CLANG_WARN_INFINITE_RECURSION = YES;
				CLANG_WARN_INT_CONVERSION = YES;
				CLANG_WARN_NON_LITERAL_NULL_CONVERSION = YES;
				CLANG_WARN_OBJC_IMPLICIT_RETAIN_SELF = YES;
				CLANG_WARN_OBJC_LITERAL_CONVERSION = YES;
				CLANG_WARN_OBJC_ROOT_CLASS = YES_ERROR;
				CLANG_WARN_RANGE_LOOP_ANALYSIS = YES;
				CLANG_WARN_STRICT_PROTOTYPES = YES;
				CLANG_WARN_SUSPICIOUS_MOVE = YES;
				CLANG_WARN_UNGUARDED_AVAILABILITY = YES_AGGRESSIVE;
				CLANG_WARN_UNREACHABLE_CODE = YES;
				CLANG_WARN__DUPLICATE_METHOD_MATCH = YES;
				CODE_SIGN_IDENTITY = "-";
				COPY_PHASE_STRIP = NO;
				DEBUG_INFORMATION_FORMAT = dwarf;
				ENABLE_STRICT_OBJC_MSGSEND = YES;
				ENABLE_TESTABILITY = YES;
				GCC_C_LANGUAGE_STANDARD = gnu11;
				GCC_DYNAMIC_NO_PIC = NO;
				GCC_NO_COMMON_BLOCKS = YES;
				GCC_OPTIMIZATION_LEVEL = 0;
				GCC_PREPROCESSOR_DEFINITIONS = (
					"DEBUG=1",
					"$(inherited)",
				);
				GCC_WARN_64_TO_32_BIT_CONVERSION = YES;
				GCC_WARN_ABOUT_RETURN_TYPE = YES_ERROR;
				GCC_WARN_UNDECLARED_SELECTOR = YES;
				GCC_WARN_UNINITIALIZED_AUTOS = YES_AGGRESSIVE;
				GCC_WARN_UNUSED_FUNCTION = YES;
				GCC_WARN_UNUSED_VARIABLE = YES;
				MACOSX_DEPLOYMENT_TARGET = 10.11;
				MTL_ENABLE_DEBUG_INFO = INCLUDE_SOURCE;
				MTL_FAST_MATH = YES;
				ONLY_ACTIVE_ARCH = YES;
				SDKROOT = macosx;
				SWIFT_ACTIVE_COMPILATION_CONDITIONS = DEBUG;
				SWIFT_OPTIMIZATION_LEVEL = "-Onone";
			};
			name = Debug;
		};
		4B1483FB2912892F0013B76E /* Release */ = {
			isa = XCBuildConfiguration;
			buildSettings = {
				ALWAYS_SEARCH_USER_PATHS = NO;
				CLANG_ANALYZER_LOCALIZABILITY_NONLOCALIZED = YES;
				CLANG_ANALYZER_NONNULL = YES;
				CLANG_ANALYZER_NUMBER_OBJECT_CONVERSION = YES_AGGRESSIVE;
				CLANG_CXX_LANGUAGE_STANDARD = "gnu++14";
				CLANG_CXX_LIBRARY = "libc++";
				CLANG_ENABLE_MODULES = YES;
				CLANG_ENABLE_OBJC_ARC = YES;
				CLANG_ENABLE_OBJC_WEAK = YES;
				CLANG_WARN_BLOCK_CAPTURE_AUTORELEASING = YES;
				CLANG_WARN_BOOL_CONVERSION = YES;
				CLANG_WARN_COMMA = YES;
				CLANG_WARN_CONSTANT_CONVERSION = YES;
				CLANG_WARN_DEPRECATED_OBJC_IMPLEMENTATIONS = YES;
				CLANG_WARN_DIRECT_OBJC_ISA_USAGE = YES_ERROR;
				CLANG_WARN_DOCUMENTATION_COMMENTS = YES;
				CLANG_WARN_EMPTY_BODY = YES;
				CLANG_WARN_ENUM_CONVERSION = YES;
				CLANG_WARN_INFINITE_RECURSION = YES;
				CLANG_WARN_INT_CONVERSION = YES;
				CLANG_WARN_NON_LITERAL_NULL_CONVERSION = YES;
				CLANG_WARN_OBJC_IMPLICIT_RETAIN_SELF = YES;
				CLANG_WARN_OBJC_LITERAL_CONVERSION = YES;
				CLANG_WARN_OBJC_ROOT_CLASS = YES_ERROR;
				CLANG_WARN_RANGE_LOOP_ANALYSIS = YES;
				CLANG_WARN_STRICT_PROTOTYPES = YES;
				CLANG_WARN_SUSPICIOUS_MOVE = YES;
				CLANG_WARN_UNGUARDED_AVAILABILITY = YES_AGGRESSIVE;
				CLANG_WARN_UNREACHABLE_CODE = YES;
				CLANG_WARN__DUPLICATE_METHOD_MATCH = YES;
				CODE_SIGN_IDENTITY = "-";
				COPY_PHASE_STRIP = NO;
				DEBUG_INFORMATION_FORMAT = "dwarf-with-dsym";
				ENABLE_NS_ASSERTIONS = NO;
				ENABLE_STRICT_OBJC_MSGSEND = YES;
				GCC_C_LANGUAGE_STANDARD = gnu11;
				GCC_NO_COMMON_BLOCKS = YES;
				GCC_WARN_64_TO_32_BIT_CONVERSION = YES;
				GCC_WARN_ABOUT_RETURN_TYPE = YES_ERROR;
				GCC_WARN_UNDECLARED_SELECTOR = YES;
				GCC_WARN_UNINITIALIZED_AUTOS = YES_AGGRESSIVE;
				GCC_WARN_UNUSED_FUNCTION = YES;
				GCC_WARN_UNUSED_VARIABLE = YES;
				MACOSX_DEPLOYMENT_TARGET = 10.11;
				MTL_ENABLE_DEBUG_INFO = NO;
				MTL_FAST_MATH = YES;
				SDKROOT = macosx;
				SWIFT_COMPILATION_MODE = wholemodule;
				SWIFT_OPTIMIZATION_LEVEL = "-O";
			};
			name = Release;
		};
		4B1483FD2912892F0013B76E /* Debug */ = {
			isa = XCBuildConfiguration;
			buildSettings = {
				ARCHS = "$(ARCHS_STANDARD)";
				ASSETCATALOG_COMPILER_APPICON_NAME = AppIcon;
				CODE_SIGN_ENTITLEMENTS = PerseusMeteo/Configuration/PerseusMeteo.entitlements;
				CODE_SIGN_STYLE = Automatic;
				COMBINE_HIDPI_IMAGES = YES;
				INFOPLIST_FILE = PerseusMeteo/Configuration/Info.plist;
				LD_RUNPATH_SEARCH_PATHS = (
					"$(inherited)",
					"@executable_path/../Frameworks",
				);
				MACOSX_DEPLOYMENT_TARGET = 10.11;
				PRODUCT_BUNDLE_IDENTIFIER = com.perseus.macos.snowman;
				PRODUCT_NAME = Snowman;
				SWIFT_VERSION = 4.2;
			};
			name = Debug;
		};
		4B1483FE2912892F0013B76E /* Release */ = {
			isa = XCBuildConfiguration;
			buildSettings = {
				ARCHS = "$(ARCHS_STANDARD)";
				ASSETCATALOG_COMPILER_APPICON_NAME = AppIcon;
				CODE_SIGN_ENTITLEMENTS = PerseusMeteo/Configuration/PerseusMeteo.entitlements;
				CODE_SIGN_STYLE = Automatic;
				COMBINE_HIDPI_IMAGES = YES;
				ENABLE_TESTABILITY = YES;
				INFOPLIST_FILE = PerseusMeteo/Configuration/Info.plist;
				LD_RUNPATH_SEARCH_PATHS = (
					"$(inherited)",
					"@executable_path/../Frameworks",
				);
				MACOSX_DEPLOYMENT_TARGET = 10.11;
				PRODUCT_BUNDLE_IDENTIFIER = com.perseus.macos.snowman;
				PRODUCT_NAME = Snowman;
				SWIFT_VERSION = 4.2;
			};
			name = Release;
		};
		4B1484002912892F0013B76E /* Debug */ = {
			isa = XCBuildConfiguration;
			buildSettings = {
				ALWAYS_EMBED_SWIFT_STANDARD_LIBRARIES = YES;
				ARCHS = "$(ARCHS_STANDARD)";
				BUNDLE_LOADER = "$(TEST_HOST)";
				CODE_SIGN_STYLE = Automatic;
				COMBINE_HIDPI_IMAGES = YES;
				INFOPLIST_FILE = SnowmanTests/Info.plist;
				LD_RUNPATH_SEARCH_PATHS = (
					"$(inherited)",
					"@executable_path/../Frameworks",
					"@loader_path/../Frameworks",
				);
				PRODUCT_BUNDLE_IDENTIFIER = com.perseus.snowmanTests;
				PRODUCT_NAME = "$(TARGET_NAME)";
				SWIFT_VERSION = 4.2;
				TEST_HOST = "$(BUILT_PRODUCTS_DIR)/Snowman.app/Contents/MacOS/Snowman";
			};
			name = Debug;
		};
		4B1484012912892F0013B76E /* Release */ = {
			isa = XCBuildConfiguration;
			buildSettings = {
				ALWAYS_EMBED_SWIFT_STANDARD_LIBRARIES = YES;
				ARCHS = "$(ARCHS_STANDARD)";
				BUNDLE_LOADER = "$(TEST_HOST)";
				CODE_SIGN_STYLE = Automatic;
				COMBINE_HIDPI_IMAGES = YES;
				ENABLE_TESTABILITY = YES;
				INFOPLIST_FILE = SnowmanTests/Info.plist;
				LD_RUNPATH_SEARCH_PATHS = (
					"$(inherited)",
					"@executable_path/../Frameworks",
					"@loader_path/../Frameworks",
				);
				PRODUCT_BUNDLE_IDENTIFIER = com.perseus.snowmanTests;
				PRODUCT_NAME = "$(TARGET_NAME)";
				SWIFT_VERSION = 4.2;
				TEST_HOST = "$(BUILT_PRODUCTS_DIR)/Snowman.app/Contents/MacOS/Snowman";
			};
			name = Release;
		};
/* End XCBuildConfiguration section */

/* Begin XCConfigurationList section */
		4B1483DC2912892C0013B76E /* Build configuration list for PBXProject "PerseusMeteo" */ = {
			isa = XCConfigurationList;
			buildConfigurations = (
				4B1483FA2912892F0013B76E /* Debug */,
				4B1483FB2912892F0013B76E /* Release */,
			);
			defaultConfigurationIsVisible = 0;
			defaultConfigurationName = Release;
		};
		4B1483FC2912892F0013B76E /* Build configuration list for PBXNativeTarget "PerseusMeteo" */ = {
			isa = XCConfigurationList;
			buildConfigurations = (
				4B1483FD2912892F0013B76E /* Debug */,
				4B1483FE2912892F0013B76E /* Release */,
			);
			defaultConfigurationIsVisible = 0;
			defaultConfigurationName = Release;
		};
		4B1483FF2912892F0013B76E /* Build configuration list for PBXNativeTarget "SnowmanTests" */ = {
			isa = XCConfigurationList;
			buildConfigurations = (
				4B1484002912892F0013B76E /* Debug */,
				4B1484012912892F0013B76E /* Release */,
			);
			defaultConfigurationIsVisible = 0;
			defaultConfigurationName = Release;
		};
/* End XCConfigurationList section */
	};
	rootObject = 4B1483D92912892C0013B76E /* Project object */;
}
